[[package]]
name = "attrs"
version = "22.2.0"
description = "Classes Without Boilerplate"
category = "main"
optional = false
python-versions = ">=3.6"

[package.extras]
cov = ["attrs", "coverage-enable-subprocess", "coverage[toml] (>=5.3)"]
dev = ["attrs"]
docs = ["furo", "myst-parser", "sphinx", "sphinx-notfound-page", "sphinxcontrib-towncrier", "towncrier", "zope.interface"]
tests = ["attrs", "zope.interface"]
tests-no-zope = ["cloudpickle", "hypothesis", "mypy (>=0.971,<0.990)", "pympler", "pytest (>=4.3.0)", "pytest-mypy-plugins", "pytest-xdist"]
tests_no_zope = ["cloudpickle", "hypothesis", "mypy (>=0.971,<0.990)", "pympler", "pytest (>=4.3.0)", "pytest-mypy-plugins", "pytest-xdist"]

[[package]]
name = "exrex"
version = "0.11.0"
description = "Irregular methods for regular expressions"
category = "main"
optional = false
python-versions = "*"

[[package]]
name = "hypothesis"
version = "6.31.6"
description = "A library for property-based testing"
category = "main"
optional = false
python-versions = ">=3.6"

[package.dependencies]
attrs = ">=19.2.0"
sortedcontainers = ">=2.1.0,<3.0.0"

[package.extras]
all = ["backports.zoneinfo (>=0.2.1)", "black (>=19.10b0)", "click (>=7.0)", "django (>=2.2)", "dpcontracts (>=0.4)", "importlib-metadata (>=3.6)", "importlib-resources (>=3.3.0)", "lark-parser (>=0.6.5)", "libcst (>=0.3.16)", "numpy (>=1.9.0)", "pandas (>=0.25)", "pytest (>=4.6)", "python-dateutil (>=1.4)", "pytz (>=2014.1)", "redis (>=3.0.0)", "rich (>=9.0.0)", "tzdata (>=2021.5)"]
cli = ["black (>=19.10b0)", "click (>=7.0)", "rich (>=9.0.0)"]
codemods = ["libcst (>=0.3.16)"]
dateutil = ["python-dateutil (>=1.4)"]
django = ["django (>=2.2)"]
dpcontracts = ["dpcontracts (>=0.4)"]
ghostwriter = ["black (>=19.10b0)"]
lark = ["lark-parser (>=0.6.5)"]
numpy = ["numpy (>=1.9.0)"]
pandas = ["pandas (>=0.25)"]
pytest = ["pytest (>=4.6)"]
pytz = ["pytz (>=2014.1)"]
redis = ["redis (>=3.0.0)"]
zoneinfo = ["backports.zoneinfo (>=0.2.1)", "importlib-resources (>=3.3.0)", "tzdata (>=2021.5)"]

[[package]]
name = "ib110hw"
version = "0.1.3"
description = ""
category = "main"
optional = false
python-versions = "*"

[[package]]
name = "sortedcontainers"
version = "2.4.0"
description = "Sorted Containers -- Sorted List, Sorted Dict, Sorted Set"
category = "main"
optional = false
python-versions = "*"

[metadata]
lock-version = "1.1"
python-versions = "^3.6.8"
content-hash = "f8f4b5c5346d4e829bd0fe6c40e6ae1c048b9d2f1485f1a14b0c2faf718cb580"

[metadata.files]
attrs = [
    {file = "attrs-22.2.0-py3-none-any.whl", hash = "sha256:29e95c7f6778868dbd49170f98f8818f78f3dc5e0e37c0b1f474e3561b240836"},
    {file = "attrs-22.2.0.tar.gz", hash = "sha256:c9227bfc2f01993c03f68db37d1d15c9690188323c067c641f1a35ca58185f99"},
]
exrex = [
    {file = "exrex-0.11.0-py2.py3-none-any.whl", hash = "sha256:7bbc4987ebbb63cda7aad1a63b4e29032ba24826de4f295354bce1743e3aeb52"},
    {file = "exrex-0.11.0.tar.gz", hash = "sha256:59912f0234567a5966b10d963c37ca9fe07f1640fd158e77c0dc7c3aee780489"},
]
hypothesis = [
    {file = "hypothesis-6.31.6-py3-none-any.whl", hash = "sha256:fbd31da5174f3da8d062017302071967b239a1b397d0e3181a44d43346bc6def"},
    {file = "hypothesis-6.31.6.tar.gz", hash = "sha256:d54be6a80b160ad5ea4209b01a0d72e31d910510ed7142fa9907861911800771"},
]
ib110hw = [
    {file = "ib110hw-0.1.3-py3-none-any.whl", hash = "sha256:e41037b6116b4d02dab71af4f1365cbea727c980a22a987fc7ef29aaebb60d1e"},
    {file = "ib110hw-0.1.3.tar.gz", hash = "sha256:d0c26dbdbd2a3613c2ba2def4741b3d4d00db2f31a0af3ccdec444eea2e48aff"},
]
sortedcontainers = [
    {file = "sortedcontainers-2.4.0-py2.py3-none-any.whl", hash = "sha256:a163dcaede0f1c021485e957a39245190e74249897e2ae4b2aa38595db237ee0"},
    {file = "sortedcontainers-2.4.0.tar.gz", hash = "sha256:25caa5a06cc30b6b83d11423433f65d1f9d76c4c6a0c90e3379eaa43b9bfdb88"},
]
